// !$*UTF8*$!
{
	archiveVersion = 1;
	classes = {
	};
	objectVersion = 55;
	objects = {

/* Begin PBXBuildFile section */
		AB8B563227DE2CE7006F723B /* Network.swift in Sources */ = {isa = PBXBuildFile; fileRef = AB8B563127DE2CE7006F723B /* Network.swift */; };
		AB8B563427DE2D12006F723B /* Parking.swift in Sources */ = {isa = PBXBuildFile; fileRef = AB8B563327DE2D12006F723B /* Parking.swift */; };
		AB8B563627DE3074006F723B /* ParkingView.swift in Sources */ = {isa = PBXBuildFile; fileRef = AB8B563527DE3074006F723B /* ParkingView.swift */; };
		AB8B563827DE4226006F723B /* ParkingRow.swift in Sources */ = {isa = PBXBuildFile; fileRef = AB8B563727DE4226006F723B /* ParkingRow.swift */; };
		AB8B563A27DE6A3D006F723B /* ProgressBar.swift in Sources */ = {isa = PBXBuildFile; fileRef = AB8B563927DE6A3D006F723B /* ProgressBar.swift */; };
		AB8B563C27DE6FA5006F723B /* ParkingList.swift in Sources */ = {isa = PBXBuildFile; fileRef = AB8B563B27DE6FA5006F723B /* ParkingList.swift */; };
		AB8B564027DE7155006F723B /* MapKit.framework in Frameworks */ = {isa = PBXBuildFile; fileRef = AB8B563F27DE7155006F723B /* MapKit.framework */; };
		AB8B564227DE728E006F723B /* MapView.swift in Sources */ = {isa = PBXBuildFile; fileRef = AB8B564127DE728E006F723B /* MapView.swift */; };
		AB8B564427DE751C006F723B /* SettingsView.swift in Sources */ = {isa = PBXBuildFile; fileRef = AB8B564327DE751C006F723B /* SettingsView.swift */; };
		AB94CC7827DCFB6F00B746F1 /* ParkStrasApp.swift in Sources */ = {isa = PBXBuildFile; fileRef = AB94CC6827DCFB6D00B746F1 /* ParkStrasApp.swift */; };
		AB94CC7A27DCFB6F00B746F1 /* ContentView.swift in Sources */ = {isa = PBXBuildFile; fileRef = AB94CC6927DCFB6D00B746F1 /* ContentView.swift */; };
		AB94CC7C27DCFB6F00B746F1 /* Assets.xcassets in Resources */ = {isa = PBXBuildFile; fileRef = AB94CC6A27DCFB6F00B746F1 /* Assets.xcassets */; };
		ABEE53F72897DB5000F34E34 /* EtatComponent.swift in Sources */ = {isa = PBXBuildFile; fileRef = ABEE53F62897DB5000F34E34 /* EtatComponent.swift */; };
		ABEE53F92897E88400F34E34 /* LocationManager.swift in Sources */ = {isa = PBXBuildFile; fileRef = ABEE53F82897E88400F34E34 /* LocationManager.swift */; };
		ABEE53FC28987F7D00F34E34 /* Constants.swift in Sources */ = {isa = PBXBuildFile; fileRef = ABEE53FB28987F7D00F34E34 /* Constants.swift */; };
/* End PBXBuildFile section */

/* Begin PBXFileReference section */
		AB8B563127DE2CE7006F723B /* Network.swift */ = {isa = PBXFileReference; lastKnownFileType = sourcecode.swift; path = Network.swift; sourceTree = "<group>"; };
		AB8B563327DE2D12006F723B /* Parking.swift */ = {isa = PBXFileReference; lastKnownFileType = sourcecode.swift; path = Parking.swift; sourceTree = "<group>"; };
		AB8B563527DE3074006F723B /* ParkingView.swift */ = {isa = PBXFileReference; lastKnownFileType = sourcecode.swift; path = ParkingView.swift; sourceTree = "<group>"; };
		AB8B563727DE4226006F723B /* ParkingRow.swift */ = {isa = PBXFileReference; lastKnownFileType = sourcecode.swift; path = ParkingRow.swift; sourceTree = "<group>"; };
		AB8B563927DE6A3D006F723B /* ProgressBar.swift */ = {isa = PBXFileReference; lastKnownFileType = sourcecode.swift; path = ProgressBar.swift; sourceTree = "<group>"; };
		AB8B563B27DE6FA5006F723B /* ParkingList.swift */ = {isa = PBXFileReference; lastKnownFileType = sourcecode.swift; path = ParkingList.swift; sourceTree = "<group>"; };
		AB8B563D27DE7154006F723B /* ParkStras--iOS--Info.plist */ = {isa = PBXFileReference; lastKnownFileType = text.plist; path = "ParkStras--iOS--Info.plist"; sourceTree = "<group>"; };
		AB8B563F27DE7155006F723B /* MapKit.framework */ = {isa = PBXFileReference; lastKnownFileType = wrapper.framework; name = MapKit.framework; path = Platforms/iPhoneOS.platform/Developer/SDKs/iPhoneOS15.4.sdk/System/Library/Frameworks/MapKit.framework; sourceTree = DEVELOPER_DIR; };
		AB8B564127DE728E006F723B /* MapView.swift */ = {isa = PBXFileReference; lastKnownFileType = sourcecode.swift; path = MapView.swift; sourceTree = "<group>"; };
		AB8B564327DE751C006F723B /* SettingsView.swift */ = {isa = PBXFileReference; lastKnownFileType = sourcecode.swift; path = SettingsView.swift; sourceTree = "<group>"; };
		AB94CC6827DCFB6D00B746F1 /* ParkStrasApp.swift */ = {isa = PBXFileReference; lastKnownFileType = sourcecode.swift; path = ParkStrasApp.swift; sourceTree = "<group>"; };
		AB94CC6927DCFB6D00B746F1 /* ContentView.swift */ = {isa = PBXFileReference; lastKnownFileType = sourcecode.swift; path = ContentView.swift; sourceTree = "<group>"; };
		AB94CC6A27DCFB6F00B746F1 /* Assets.xcassets */ = {isa = PBXFileReference; lastKnownFileType = folder.assetcatalog; path = Assets.xcassets; sourceTree = "<group>"; };
		AB94CC6F27DCFB6F00B746F1 /* ParkStras.app */ = {isa = PBXFileReference; explicitFileType = wrapper.application; includeInIndex = 0; path = ParkStras.app; sourceTree = BUILT_PRODUCTS_DIR; };
		ABEE53F62897DB5000F34E34 /* EtatComponent.swift */ = {isa = PBXFileReference; lastKnownFileType = sourcecode.swift; path = EtatComponent.swift; sourceTree = "<group>"; };
		ABEE53F82897E88400F34E34 /* LocationManager.swift */ = {isa = PBXFileReference; lastKnownFileType = sourcecode.swift; path = LocationManager.swift; sourceTree = "<group>"; };
		ABEE53FA2898655C00F34E34 /* Parking Rives de l'Aar - Strasbourg.gpx */ = {isa = PBXFileReference; lastKnownFileType = text.xml; path = "Parking Rives de l'Aar - Strasbourg.gpx"; sourceTree = "<group>"; };
		ABEE53FB28987F7D00F34E34 /* Constants.swift */ = {isa = PBXFileReference; lastKnownFileType = sourcecode.swift; path = Constants.swift; sourceTree = "<group>"; };
		ABEE53FE2898887E00F34E34 /* Numesia - Strasbourg.gpx */ = {isa = PBXFileReference; lastKnownFileType = text.xml; path = "Numesia - Strasbourg.gpx"; sourceTree = "<group>"; };
/* End PBXFileReference section */

/* Begin PBXFrameworksBuildPhase section */
		AB94CC6C27DCFB6F00B746F1 /* Frameworks */ = {
			isa = PBXFrameworksBuildPhase;
			buildActionMask = 2147483647;
			files = (
				AB8B564027DE7155006F723B /* MapKit.framework in Frameworks */,
			);
			runOnlyForDeploymentPostprocessing = 0;
		};
/* End PBXFrameworksBuildPhase section */

/* Begin PBXGroup section */
		AB8B563E27DE7155006F723B /* Frameworks */ = {
			isa = PBXGroup;
			children = (
				AB8B563F27DE7155006F723B /* MapKit.framework */,
			);
			name = Frameworks;
			sourceTree = "<group>";
		};
		AB94CC6227DCFB6D00B746F1 = {
			isa = PBXGroup;
			children = (
				ABEE53FB28987F7D00F34E34 /* Constants.swift */,
				ABEE53FD2898860800F34E34 /* TestLocations */,
				ABEE53F82897E88400F34E34 /* LocationManager.swift */,
				ABEE53F62897DB5000F34E34 /* EtatComponent.swift */,
				AB8B564327DE751C006F723B /* SettingsView.swift */,
				AB8B564127DE728E006F723B /* MapView.swift */,
				AB8B563D27DE7154006F723B /* ParkStras--iOS--Info.plist */,
				AB8B563B27DE6FA5006F723B /* ParkingList.swift */,
				AB8B563927DE6A3D006F723B /* ProgressBar.swift */,
				AB8B563727DE4226006F723B /* ParkingRow.swift */,
				AB8B563527DE3074006F723B /* ParkingView.swift */,
				AB94CC6827DCFB6D00B746F1 /* ParkStrasApp.swift */,
				AB94CC6927DCFB6D00B746F1 /* ContentView.swift */,
				AB94CC6A27DCFB6F00B746F1 /* Assets.xcassets */,
				AB8B563127DE2CE7006F723B /* Network.swift */,
				AB8B563327DE2D12006F723B /* Parking.swift */,
				AB94CC7027DCFB6F00B746F1 /* Products */,
				AB8B563E27DE7155006F723B /* Frameworks */,
			);
			sourceTree = "<group>";
		};
		AB94CC7027DCFB6F00B746F1 /* Products */ = {
			isa = PBXGroup;
			children = (
				AB94CC6F27DCFB6F00B746F1 /* ParkStras.app */,
			);
			name = Products;
			sourceTree = "<group>";
		};
		ABEE53FD2898860800F34E34 /* TestLocations */ = {
			isa = PBXGroup;
			children = (
				ABEE53FE2898887E00F34E34 /* Numesia - Strasbourg.gpx */,
				ABEE53FA2898655C00F34E34 /* Parking Rives de l'Aar - Strasbourg.gpx */,
			);
			path = TestLocations;
			sourceTree = "<group>";
		};
/* End PBXGroup section */

/* Begin PBXNativeTarget section */
		AB94CC6E27DCFB6F00B746F1 /* ParkStras */ = {
			isa = PBXNativeTarget;
			buildConfigurationList = AB94CC8027DCFB6F00B746F1 /* Build configuration list for PBXNativeTarget "ParkStras" */;
			buildPhases = (
				AB94CC6B27DCFB6F00B746F1 /* Sources */,
				AB94CC6C27DCFB6F00B746F1 /* Frameworks */,
				AB94CC6D27DCFB6F00B746F1 /* Resources */,
			);
			buildRules = (
			);
			dependencies = (
			);
			name = ParkStras;
			productName = "ParkStras (iOS)";
			productReference = AB94CC6F27DCFB6F00B746F1 /* ParkStras.app */;
			productType = "com.apple.product-type.application";
		};
/* End PBXNativeTarget section */

/* Begin PBXProject section */
		AB94CC6327DCFB6D00B746F1 /* Project object */ = {
			isa = PBXProject;
			attributes = {
				BuildIndependentTargetsInParallel = 1;
				LastSwiftUpdateCheck = 1400;
				LastUpgradeCheck = 1400;
				TargetAttributes = {
					AB94CC6E27DCFB6F00B746F1 = {
						CreatedOnToolsVersion = 13.3;
					};
				};
			};
			buildConfigurationList = AB94CC6627DCFB6D00B746F1 /* Build configuration list for PBXProject "ParkStras" */;
			compatibilityVersion = "Xcode 13.0";
			developmentRegion = en;
			hasScannedForEncodings = 0;
			knownRegions = (
				en,
				Base,
			);
			mainGroup = AB94CC6227DCFB6D00B746F1;
			productRefGroup = AB94CC7027DCFB6F00B746F1 /* Products */;
			projectDirPath = "";
			projectRoot = "";
			targets = (
				AB94CC6E27DCFB6F00B746F1 /* ParkStras */,
			);
		};
/* End PBXProject section */

/* Begin PBXResourcesBuildPhase section */
		AB94CC6D27DCFB6F00B746F1 /* Resources */ = {
			isa = PBXResourcesBuildPhase;
			buildActionMask = 2147483647;
			files = (
				AB94CC7C27DCFB6F00B746F1 /* Assets.xcassets in Resources */,
			);
			runOnlyForDeploymentPostprocessing = 0;
		};
/* End PBXResourcesBuildPhase section */

/* Begin PBXSourcesBuildPhase section */
		AB94CC6B27DCFB6F00B746F1 /* Sources */ = {
			isa = PBXSourcesBuildPhase;
			buildActionMask = 2147483647;
			files = (
				AB8B563427DE2D12006F723B /* Parking.swift in Sources */,
				AB94CC7A27DCFB6F00B746F1 /* ContentView.swift in Sources */,
				AB8B563C27DE6FA5006F723B /* ParkingList.swift in Sources */,
				AB8B563227DE2CE7006F723B /* Network.swift in Sources */,
				AB8B563627DE3074006F723B /* ParkingView.swift in Sources */,
				AB8B564427DE751C006F723B /* SettingsView.swift in Sources */,
				AB94CC7827DCFB6F00B746F1 /* ParkStrasApp.swift in Sources */,
				ABEE53FC28987F7D00F34E34 /* Constants.swift in Sources */,
				AB8B563827DE4226006F723B /* ParkingRow.swift in Sources */,
				ABEE53F72897DB5000F34E34 /* EtatComponent.swift in Sources */,
				ABEE53F92897E88400F34E34 /* LocationManager.swift in Sources */,
				AB8B564227DE728E006F723B /* MapView.swift in Sources */,
				AB8B563A27DE6A3D006F723B /* ProgressBar.swift in Sources */,
			);
			runOnlyForDeploymentPostprocessing = 0;
		};
/* End PBXSourcesBuildPhase section */

/* Begin XCBuildConfiguration section */
		AB94CC7E27DCFB6F00B746F1 /* Debug */ = {
			isa = XCBuildConfiguration;
			buildSettings = {
				ALWAYS_SEARCH_USER_PATHS = NO;
				CLANG_ANALYZER_NONNULL = YES;
				CLANG_ANALYZER_NUMBER_OBJECT_CONVERSION = YES_AGGRESSIVE;
				CLANG_CXX_LANGUAGE_STANDARD = "gnu++17";
				CLANG_ENABLE_MODULES = YES;
				CLANG_ENABLE_OBJC_ARC = YES;
				CLANG_ENABLE_OBJC_WEAK = YES;
				CLANG_WARN_BLOCK_CAPTURE_AUTORELEASING = YES;
				CLANG_WARN_BOOL_CONVERSION = YES;
				CLANG_WARN_COMMA = YES;
				CLANG_WARN_CONSTANT_CONVERSION = YES;
				CLANG_WARN_DEPRECATED_OBJC_IMPLEMENTATIONS = YES;
				CLANG_WARN_DIRECT_OBJC_ISA_USAGE = YES_ERROR;
				CLANG_WARN_DOCUMENTATION_COMMENTS = YES;
				CLANG_WARN_EMPTY_BODY = YES;
				CLANG_WARN_ENUM_CONVERSION = YES;
				CLANG_WARN_INFINITE_RECURSION = YES;
				CLANG_WARN_INT_CONVERSION = YES;
				CLANG_WARN_NON_LITERAL_NULL_CONVERSION = YES;
				CLANG_WARN_OBJC_IMPLICIT_RETAIN_SELF = YES;
				CLANG_WARN_OBJC_LITERAL_CONVERSION = YES;
				CLANG_WARN_OBJC_ROOT_CLASS = YES_ERROR;
				CLANG_WARN_QUOTED_INCLUDE_IN_FRAMEWORK_HEADER = YES;
				CLANG_WARN_RANGE_LOOP_ANALYSIS = YES;
				CLANG_WARN_STRICT_PROTOTYPES = YES;
				CLANG_WARN_SUSPICIOUS_MOVE = YES;
				CLANG_WARN_UNGUARDED_AVAILABILITY = YES_AGGRESSIVE;
				CLANG_WARN_UNREACHABLE_CODE = YES;
				CLANG_WARN__DUPLICATE_METHOD_MATCH = YES;
				COPY_PHASE_STRIP = NO;
				DEAD_CODE_STRIPPING = YES;
				DEBUG_INFORMATION_FORMAT = dwarf;
				ENABLE_STRICT_OBJC_MSGSEND = YES;
				ENABLE_TESTABILITY = YES;
				GCC_C_LANGUAGE_STANDARD = gnu11;
				GCC_DYNAMIC_NO_PIC = NO;
				GCC_NO_COMMON_BLOCKS = YES;
				GCC_OPTIMIZATION_LEVEL = 0;
				GCC_PREPROCESSOR_DEFINITIONS = (
					"DEBUG=1",
					"$(inherited)",
				);
				GCC_WARN_64_TO_32_BIT_CONVERSION = YES;
				GCC_WARN_ABOUT_RETURN_TYPE = YES_ERROR;
				GCC_WARN_UNDECLARED_SELECTOR = YES;
				GCC_WARN_UNINITIALIZED_AUTOS = YES_AGGRESSIVE;
				GCC_WARN_UNUSED_FUNCTION = YES;
				GCC_WARN_UNUSED_VARIABLE = YES;
				MTL_ENABLE_DEBUG_INFO = INCLUDE_SOURCE;
				MTL_FAST_MATH = YES;
				ONLY_ACTIVE_ARCH = YES;
				SWIFT_ACTIVE_COMPILATION_CONDITIONS = DEBUG;
				SWIFT_OPTIMIZATION_LEVEL = "-Onone";
			};
			name = Debug;
		};
		AB94CC7F27DCFB6F00B746F1 /* Release */ = {
			isa = XCBuildConfiguration;
			buildSettings = {
				ALWAYS_SEARCH_USER_PATHS = NO;
				CLANG_ANALYZER_NONNULL = YES;
				CLANG_ANALYZER_NUMBER_OBJECT_CONVERSION = YES_AGGRESSIVE;
				CLANG_CXX_LANGUAGE_STANDARD = "gnu++17";
				CLANG_ENABLE_MODULES = YES;
				CLANG_ENABLE_OBJC_ARC = YES;
				CLANG_ENABLE_OBJC_WEAK = YES;
				CLANG_WARN_BLOCK_CAPTURE_AUTORELEASING = YES;
				CLANG_WARN_BOOL_CONVERSION = YES;
				CLANG_WARN_COMMA = YES;
				CLANG_WARN_CONSTANT_CONVERSION = YES;
				CLANG_WARN_DEPRECATED_OBJC_IMPLEMENTATIONS = YES;
				CLANG_WARN_DIRECT_OBJC_ISA_USAGE = YES_ERROR;
				CLANG_WARN_DOCUMENTATION_COMMENTS = YES;
				CLANG_WARN_EMPTY_BODY = YES;
				CLANG_WARN_ENUM_CONVERSION = YES;
				CLANG_WARN_INFINITE_RECURSION = YES;
				CLANG_WARN_INT_CONVERSION = YES;
				CLANG_WARN_NON_LITERAL_NULL_CONVERSION = YES;
				CLANG_WARN_OBJC_IMPLICIT_RETAIN_SELF = YES;
				CLANG_WARN_OBJC_LITERAL_CONVERSION = YES;
				CLANG_WARN_OBJC_ROOT_CLASS = YES_ERROR;
				CLANG_WARN_QUOTED_INCLUDE_IN_FRAMEWORK_HEADER = YES;
				CLANG_WARN_RANGE_LOOP_ANALYSIS = YES;
				CLANG_WARN_STRICT_PROTOTYPES = YES;
				CLANG_WARN_SUSPICIOUS_MOVE = YES;
				CLANG_WARN_UNGUARDED_AVAILABILITY = YES_AGGRESSIVE;
				CLANG_WARN_UNREACHABLE_CODE = YES;
				CLANG_WARN__DUPLICATE_METHOD_MATCH = YES;
				COPY_PHASE_STRIP = NO;
				DEAD_CODE_STRIPPING = YES;
				DEBUG_INFORMATION_FORMAT = "dwarf-with-dsym";
				ENABLE_NS_ASSERTIONS = NO;
				ENABLE_STRICT_OBJC_MSGSEND = YES;
				GCC_C_LANGUAGE_STANDARD = gnu11;
				GCC_NO_COMMON_BLOCKS = YES;
				GCC_WARN_64_TO_32_BIT_CONVERSION = YES;
				GCC_WARN_ABOUT_RETURN_TYPE = YES_ERROR;
				GCC_WARN_UNDECLARED_SELECTOR = YES;
				GCC_WARN_UNINITIALIZED_AUTOS = YES_AGGRESSIVE;
				GCC_WARN_UNUSED_FUNCTION = YES;
				GCC_WARN_UNUSED_VARIABLE = YES;
				MTL_ENABLE_DEBUG_INFO = NO;
				MTL_FAST_MATH = YES;
				SWIFT_COMPILATION_MODE = wholemodule;
				SWIFT_OPTIMIZATION_LEVEL = "-O";
			};
			name = Release;
		};
		AB94CC8127DCFB6F00B746F1 /* Debug */ = {
			isa = XCBuildConfiguration;
			buildSettings = {
				ASSETCATALOG_COMPILER_APPICON_NAME = AppIcon;
				ASSETCATALOG_COMPILER_GLOBAL_ACCENT_COLOR_NAME = AccentColor;
				CODE_SIGN_STYLE = Automatic;
				CURRENT_PROJECT_VERSION = 1;
				DEVELOPMENT_TEAM = 37C4N5SWQ4;
				ENABLE_PREVIEWS = YES;
				GENERATE_INFOPLIST_FILE = YES;
				INFOPLIST_FILE = "ParkStras--iOS--Info.plist";
				INFOPLIST_KEY_CFBundleDisplayName = ParkStras;
				INFOPLIST_KEY_NSLocationWhenInUseUsageDescription = "Cette app utilise votre position pour afficher les parkings les plus proches de vous.";
				INFOPLIST_KEY_UIApplicationSceneManifest_Generation = YES;
				INFOPLIST_KEY_UIApplicationSupportsIndirectInputEvents = YES;
				INFOPLIST_KEY_UILaunchScreen_Generation = YES;
				INFOPLIST_KEY_UISupportedInterfaceOrientations = UIInterfaceOrientationPortrait;
				INFOPLIST_KEY_UISupportedInterfaceOrientations_iPad = "UIInterfaceOrientationPortrait UIInterfaceOrientationPortraitUpsideDown UIInterfaceOrientationLandscapeLeft UIInterfaceOrientationLandscapeRight";
				INFOPLIST_KEY_UISupportedInterfaceOrientations_iPhone = "UIInterfaceOrientationPortrait UIInterfaceOrientationLandscapeLeft UIInterfaceOrientationLandscapeRight";
				IPHONEOS_DEPLOYMENT_TARGET = 15.4;
				LD_RUNPATH_SEARCH_PATHS = (
					"$(inherited)",
					"@executable_path/Frameworks",
				);
				MARKETING_VERSION = 1.0;
				PRODUCT_BUNDLE_IDENTIFIER = org.princelle.ParkStras;
				PRODUCT_NAME = ParkStras;
				SDKROOT = iphoneos;
				SUPPORTED_PLATFORMS = "iphoneos iphonesimulator";
				SUPPORTS_MACCATALYST = NO;
				SUPPORTS_MAC_DESIGNED_FOR_IPHONE_IPAD = NO;
				SWIFT_EMIT_LOC_STRINGS = YES;
				SWIFT_VERSION = 5.0;
				TARGETED_DEVICE_FAMILY = 1;
			};
			name = Debug;
		};
		AB94CC8227DCFB6F00B746F1 /* Release */ = {
			isa = XCBuildConfiguration;
			buildSettings = {
				ASSETCATALOG_COMPILER_APPICON_NAME = AppIcon;
				ASSETCATALOG_COMPILER_GLOBAL_ACCENT_COLOR_NAME = AccentColor;
				CODE_SIGN_STYLE = Automatic;
				CURRENT_PROJECT_VERSION = 1;
				DEVELOPMENT_TEAM = 37C4N5SWQ4;
				ENABLE_PREVIEWS = YES;
				GENERATE_INFOPLIST_FILE = YES;
				INFOPLIST_FILE = "ParkStras--iOS--Info.plist";
				INFOPLIST_KEY_CFBundleDisplayName = ParkStras;
				INFOPLIST_KEY_NSLocationWhenInUseUsageDescription = "Cette app utilise votre position pour afficher les parkings les plus proches de vous.";
				INFOPLIST_KEY_UIApplicationSceneManifest_Generation = YES;
				INFOPLIST_KEY_UIApplicationSupportsIndirectInputEvents = YES;
				INFOPLIST_KEY_UILaunchScreen_Generation = YES;
				INFOPLIST_KEY_UISupportedInterfaceOrientations = UIInterfaceOrientationPortrait;
				INFOPLIST_KEY_UISupportedInterfaceOrientations_iPad = "UIInterfaceOrientationPortrait UIInterfaceOrientationPortraitUpsideDown UIInterfaceOrientationLandscapeLeft UIInterfaceOrientationLandscapeRight";
				INFOPLIST_KEY_UISupportedInterfaceOrientations_iPhone = "UIInterfaceOrientationPortrait UIInterfaceOrientationLandscapeLeft UIInterfaceOrientationLandscapeRight";
				IPHONEOS_DEPLOYMENT_TARGET = 15.4;
				LD_RUNPATH_SEARCH_PATHS = (
					"$(inherited)",
					"@executable_path/Frameworks",
				);
				MARKETING_VERSION = 1.0;
				PRODUCT_BUNDLE_IDENTIFIER = org.princelle.ParkStras;
				PRODUCT_NAME = ParkStras;
				SDKROOT = iphoneos;
				SUPPORTED_PLATFORMS = "iphoneos iphonesimulator";
				SUPPORTS_MACCATALYST = NO;
				SUPPORTS_MAC_DESIGNED_FOR_IPHONE_IPAD = NO;
				SWIFT_EMIT_LOC_STRINGS = YES;
				SWIFT_VERSION = 5.0;
				TARGETED_DEVICE_FAMILY = 1;
				VALIDATE_PRODUCT = YES;
			};
			name = Release;
		};
/* End XCBuildConfiguration section */

/* Begin XCConfigurationList section */
		AB94CC6627DCFB6D00B746F1 /* Build configuration list for PBXProject "ParkStras" */ = {
			isa = XCConfigurationList;
			buildConfigurations = (
				AB94CC7E27DCFB6F00B746F1 /* Debug */,
				AB94CC7F27DCFB6F00B746F1 /* Release */,
			);
			defaultConfigurationIsVisible = 0;
			defaultConfigurationName = Release;
		};
		AB94CC8027DCFB6F00B746F1 /* Build configuration list for PBXNativeTarget "ParkStras" */ = {
			isa = XCConfigurationList;
			buildConfigurations = (
				AB94CC8127DCFB6F00B746F1 /* Debug */,
				AB94CC8227DCFB6F00B746F1 /* Release */,
			);
			defaultConfigurationIsVisible = 0;
			defaultConfigurationName = Release;
		};
/* End XCConfigurationList section */
	};
	rootObject = AB94CC6327DCFB6D00B746F1 /* Project object */;
}
